
Microsoft Visual Studio Solution File, Format Version 12.00
# Visual Studio Version 17
VisualStudioVersion = 17.13.35931.197 d17.13
MinimumVisualStudioVersion = 10.0.40219.1
Project("{FAE04EC0-301F-11D3-BF4B-00C04F79EFBC}") = "Agency", "Agency\Agency.csproj", "{09CA2439-DCE1-4D18-9354-0D49059A6CAE}"
EndProject
Global
	GlobalSection(SolutionConfigurationPlatforms) = preSolution
		Debug|Any CPU = Debug|Any CPU
		Release|Any CPU = Release|Any CPU
	EndGlobalSection
	GlobalSection(ProjectConfigurationPlatforms) = postSolution
		{09CA2439-DCE1-4D18-9354-0D49059A6CAE}.Debug|Any CPU.ActiveCfg = Debug|Any CPU
		{09CA2439-DCE1-4D18-9354-0D49059A6CAE}.Debug|Any CPU.Build.0 = Debug|Any CPU
		{09CA2439-DCE1-4D18-9354-0D49059A6CAE}.Release|Any CPU.ActiveCfg = Release|Any CPU
		{09CA2439-DCE1-4D18-9354-0D49059A6CAE}.Release|Any CPU.Build.0 = Release|Any CPU
	EndGlobalSection
	GlobalSection(SolutionProperties) = preSolution
		HideSolutionNode = FALSE
	EndGlobalSection
	GlobalSection(ExtensibilityGlobals) = postSolution
		SolutionGuid = {18A48A76-F828-4C89-8252-DC4486B7D824}
	EndGlobalSection
EndGlobal
